// !$*UTF8*$!
{
	archiveVersion = 1;
	classes = {
	};
	objectVersion = 56;
	objects = {

/* Begin PBXBuildFile section */
		E5240B192BF7AD8E00D0D024 /* AppDelegate.swift in Sources */ = {isa = PBXBuildFile; fileRef = E5240B182BF7AD8E00D0D024 /* AppDelegate.swift */; };
		E5240B1B2BF7AD8E00D0D024 /* SceneDelegate.swift in Sources */ = {isa = PBXBuildFile; fileRef = E5240B1A2BF7AD8E00D0D024 /* SceneDelegate.swift */; };
		E5240B1D2BF7AD8E00D0D024 /* ViewController.swift in Sources */ = {isa = PBXBuildFile; fileRef = E5240B1C2BF7AD8E00D0D024 /* ViewController.swift */; };
		E5240B222BF7AD8F00D0D024 /* Assets.xcassets in Resources */ = {isa = PBXBuildFile; fileRef = E5240B212BF7AD8F00D0D024 /* Assets.xcassets */; };
		E5240B252BF7AD8F00D0D024 /* LaunchScreen.storyboard in Resources */ = {isa = PBXBuildFile; fileRef = E5240B232BF7AD8F00D0D024 /* LaunchScreen.storyboard */; };
		E5240B302BF7AD9000D0D024 /* DidTheyWinTests.swift in Sources */ = {isa = PBXBuildFile; fileRef = E5240B2F2BF7AD9000D0D024 /* DidTheyWinTests.swift */; };
		E5240B3A2BF7AD9000D0D024 /* DidTheyWinUITests.swift in Sources */ = {isa = PBXBuildFile; fileRef = E5240B392BF7AD9000D0D024 /* DidTheyWinUITests.swift */; };
		E5240B3C2BF7AD9000D0D024 /* DidTheyWinUITestsLaunchTests.swift in Sources */ = {isa = PBXBuildFile; fileRef = E5240B3B2BF7AD9000D0D024 /* DidTheyWinUITestsLaunchTests.swift */; };
		E5240B4C2BFE1DEA00D0D024 /* LeagueListable.swift in Sources */ = {isa = PBXBuildFile; fileRef = E5240B4B2BFE1DEA00D0D024 /* LeagueListable.swift */; };
		E5240B4E2BFE1EF000D0D024 /* TeamListable.swift in Sources */ = {isa = PBXBuildFile; fileRef = E5240B4D2BFE1EF000D0D024 /* TeamListable.swift */; };
		E5240B502BFE1EFF00D0D024 /* MLBTeam.swift in Sources */ = {isa = PBXBuildFile; fileRef = E5240B4F2BFE1EFF00D0D024 /* MLBTeam.swift */; };
		E5240B522BFE1F1700D0D024 /* NFLTeam.swift in Sources */ = {isa = PBXBuildFile; fileRef = E5240B512BFE1F1700D0D024 /* NFLTeam.swift */; };
/* End PBXBuildFile section */

/* Begin PBXContainerItemProxy section */
		E5240B2C2BF7AD9000D0D024 /* PBXContainerItemProxy */ = {
			isa = PBXContainerItemProxy;
			containerPortal = E5240B0D2BF7AD8E00D0D024 /* Project object */;
			proxyType = 1;
			remoteGlobalIDString = E5240B142BF7AD8E00D0D024;
			remoteInfo = DidTheyWin;
		};
		E5240B362BF7AD9000D0D024 /* PBXContainerItemProxy */ = {
			isa = PBXContainerItemProxy;
			containerPortal = E5240B0D2BF7AD8E00D0D024 /* Project object */;
			proxyType = 1;
			remoteGlobalIDString = E5240B142BF7AD8E00D0D024;
			remoteInfo = DidTheyWin;
		};
/* End PBXContainerItemProxy section */

/* Begin PBXFileReference section */
		E5240B152BF7AD8E00D0D024 /* DidTheyWin.app */ = {isa = PBXFileReference; explicitFileType = wrapper.application; includeInIndex = 0; path = DidTheyWin.app; sourceTree = BUILT_PRODUCTS_DIR; };
		E5240B182BF7AD8E00D0D024 /* AppDelegate.swift */ = {isa = PBXFileReference; lastKnownFileType = sourcecode.swift; path = AppDelegate.swift; sourceTree = "<group>"; };
		E5240B1A2BF7AD8E00D0D024 /* SceneDelegate.swift */ = {isa = PBXFileReference; lastKnownFileType = sourcecode.swift; path = SceneDelegate.swift; sourceTree = "<group>"; };
		E5240B1C2BF7AD8E00D0D024 /* ViewController.swift */ = {isa = PBXFileReference; lastKnownFileType = sourcecode.swift; path = ViewController.swift; sourceTree = "<group>"; };
		E5240B212BF7AD8F00D0D024 /* Assets.xcassets */ = {isa = PBXFileReference; lastKnownFileType = folder.assetcatalog; path = Assets.xcassets; sourceTree = "<group>"; };
		E5240B242BF7AD8F00D0D024 /* Base */ = {isa = PBXFileReference; lastKnownFileType = file.storyboard; name = Base; path = Base.lproj/LaunchScreen.storyboard; sourceTree = "<group>"; };
		E5240B262BF7AD8F00D0D024 /* Info.plist */ = {isa = PBXFileReference; lastKnownFileType = text.plist.xml; path = Info.plist; sourceTree = "<group>"; };
		E5240B2B2BF7AD9000D0D024 /* DidTheyWinTests.xctest */ = {isa = PBXFileReference; explicitFileType = wrapper.cfbundle; includeInIndex = 0; path = DidTheyWinTests.xctest; sourceTree = BUILT_PRODUCTS_DIR; };
		E5240B2F2BF7AD9000D0D024 /* DidTheyWinTests.swift */ = {isa = PBXFileReference; lastKnownFileType = sourcecode.swift; path = DidTheyWinTests.swift; sourceTree = "<group>"; };
		E5240B352BF7AD9000D0D024 /* DidTheyWinUITests.xctest */ = {isa = PBXFileReference; explicitFileType = wrapper.cfbundle; includeInIndex = 0; path = DidTheyWinUITests.xctest; sourceTree = BUILT_PRODUCTS_DIR; };
		E5240B392BF7AD9000D0D024 /* DidTheyWinUITests.swift */ = {isa = PBXFileReference; lastKnownFileType = sourcecode.swift; path = DidTheyWinUITests.swift; sourceTree = "<group>"; };
		E5240B3B2BF7AD9000D0D024 /* DidTheyWinUITestsLaunchTests.swift */ = {isa = PBXFileReference; lastKnownFileType = sourcecode.swift; path = DidTheyWinUITestsLaunchTests.swift; sourceTree = "<group>"; };
		E5240B4B2BFE1DEA00D0D024 /* LeagueListable.swift */ = {isa = PBXFileReference; lastKnownFileType = sourcecode.swift; path = LeagueListable.swift; sourceTree = "<group>"; };
		E5240B4D2BFE1EF000D0D024 /* TeamListable.swift */ = {isa = PBXFileReference; lastKnownFileType = sourcecode.swift; path = TeamListable.swift; sourceTree = "<group>"; };
		E5240B4F2BFE1EFF00D0D024 /* MLBTeam.swift */ = {isa = PBXFileReference; lastKnownFileType = sourcecode.swift; path = MLBTeam.swift; sourceTree = "<group>"; };
		E5240B512BFE1F1700D0D024 /* NFLTeam.swift */ = {isa = PBXFileReference; lastKnownFileType = sourcecode.swift; path = NFLTeam.swift; sourceTree = "<group>"; };
/* End PBXFileReference section */

/* Begin PBXFrameworksBuildPhase section */
		E5240B122BF7AD8E00D0D024 /* Frameworks */ = {
			isa = PBXFrameworksBuildPhase;
			buildActionMask = 2147483647;
			files = (
			);
			runOnlyForDeploymentPostprocessing = 0;
		};
		E5240B282BF7AD9000D0D024 /* Frameworks */ = {
			isa = PBXFrameworksBuildPhase;
			buildActionMask = 2147483647;
			files = (
			);
			runOnlyForDeploymentPostprocessing = 0;
		};
		E5240B322BF7AD9000D0D024 /* Frameworks */ = {
			isa = PBXFrameworksBuildPhase;
			buildActionMask = 2147483647;
			files = (
			);
			runOnlyForDeploymentPostprocessing = 0;
		};
/* End PBXFrameworksBuildPhase section */

/* Begin PBXGroup section */
		E5240B0C2BF7AD8E00D0D024 = {
			isa = PBXGroup;
			children = (
				E5240B172BF7AD8E00D0D024 /* DidTheyWin */,
				E5240B2E2BF7AD9000D0D024 /* DidTheyWinTests */,
				E5240B382BF7AD9000D0D024 /* DidTheyWinUITests */,
				E5240B162BF7AD8E00D0D024 /* Products */,
			);
			sourceTree = "<group>";
		};
		E5240B162BF7AD8E00D0D024 /* Products */ = {
			isa = PBXGroup;
			children = (
				E5240B152BF7AD8E00D0D024 /* DidTheyWin.app */,
				E5240B2B2BF7AD9000D0D024 /* DidTheyWinTests.xctest */,
				E5240B352BF7AD9000D0D024 /* DidTheyWinUITests.xctest */,
			);
			name = Products;
			sourceTree = "<group>";
		};
		E5240B172BF7AD8E00D0D024 /* DidTheyWin */ = {
			isa = PBXGroup;
			children = (
				E5240B4A2BFE1DCD00D0D024 /* Models */,
				E5240B182BF7AD8E00D0D024 /* AppDelegate.swift */,
				E5240B1A2BF7AD8E00D0D024 /* SceneDelegate.swift */,
				E5240B1C2BF7AD8E00D0D024 /* ViewController.swift */,
				E5240B212BF7AD8F00D0D024 /* Assets.xcassets */,
				E5240B232BF7AD8F00D0D024 /* LaunchScreen.storyboard */,
				E5240B262BF7AD8F00D0D024 /* Info.plist */,
			);
			path = DidTheyWin;
			sourceTree = "<group>";
		};
		E5240B2E2BF7AD9000D0D024 /* DidTheyWinTests */ = {
			isa = PBXGroup;
			children = (
				E5240B2F2BF7AD9000D0D024 /* DidTheyWinTests.swift */,
			);
			path = DidTheyWinTests;
			sourceTree = "<group>";
		};
		E5240B382BF7AD9000D0D024 /* DidTheyWinUITests */ = {
			isa = PBXGroup;
			children = (
				E5240B392BF7AD9000D0D024 /* DidTheyWinUITests.swift */,
				E5240B3B2BF7AD9000D0D024 /* DidTheyWinUITestsLaunchTests.swift */,
			);
			path = DidTheyWinUITests;
			sourceTree = "<group>";
		};
		E5240B4A2BFE1DCD00D0D024 /* Models */ = {
			isa = PBXGroup;
			children = (
				E5240B4B2BFE1DEA00D0D024 /* LeagueListable.swift */,
				E5240B4D2BFE1EF000D0D024 /* TeamListable.swift */,
				E5240B4F2BFE1EFF00D0D024 /* MLBTeam.swift */,
				E5240B512BFE1F1700D0D024 /* NFLTeam.swift */,
			);
			path = Models;
			sourceTree = "<group>";
		};
/* End PBXGroup section */

/* Begin PBXNativeTarget section */
		E5240B142BF7AD8E00D0D024 /* DidTheyWin */ = {
			isa = PBXNativeTarget;
			buildConfigurationList = E5240B3F2BF7AD9000D0D024 /* Build configuration list for PBXNativeTarget "DidTheyWin" */;
			buildPhases = (
				E5240B112BF7AD8E00D0D024 /* Sources */,
				E5240B122BF7AD8E00D0D024 /* Frameworks */,
				E5240B132BF7AD8E00D0D024 /* Resources */,
			);
			buildRules = (
			);
			dependencies = (
			);
			name = DidTheyWin;
			productName = DidTheyWin;
			productReference = E5240B152BF7AD8E00D0D024 /* DidTheyWin.app */;
			productType = "com.apple.product-type.application";
		};
		E5240B2A2BF7AD9000D0D024 /* DidTheyWinTests */ = {
			isa = PBXNativeTarget;
			buildConfigurationList = E5240B422BF7AD9000D0D024 /* Build configuration list for PBXNativeTarget "DidTheyWinTests" */;
			buildPhases = (
				E5240B272BF7AD9000D0D024 /* Sources */,
				E5240B282BF7AD9000D0D024 /* Frameworks */,
				E5240B292BF7AD9000D0D024 /* Resources */,
			);
			buildRules = (
			);
			dependencies = (
				E5240B2D2BF7AD9000D0D024 /* PBXTargetDependency */,
			);
			name = DidTheyWinTests;
			productName = DidTheyWinTests;
			productReference = E5240B2B2BF7AD9000D0D024 /* DidTheyWinTests.xctest */;
			productType = "com.apple.product-type.bundle.unit-test";
		};
		E5240B342BF7AD9000D0D024 /* DidTheyWinUITests */ = {
			isa = PBXNativeTarget;
			buildConfigurationList = E5240B452BF7AD9000D0D024 /* Build configuration list for PBXNativeTarget "DidTheyWinUITests" */;
			buildPhases = (
				E5240B312BF7AD9000D0D024 /* Sources */,
				E5240B322BF7AD9000D0D024 /* Frameworks */,
				E5240B332BF7AD9000D0D024 /* Resources */,
			);
			buildRules = (
			);
			dependencies = (
				E5240B372BF7AD9000D0D024 /* PBXTargetDependency */,
			);
			name = DidTheyWinUITests;
			productName = DidTheyWinUITests;
			productReference = E5240B352BF7AD9000D0D024 /* DidTheyWinUITests.xctest */;
			productType = "com.apple.product-type.bundle.ui-testing";
		};
/* End PBXNativeTarget section */

/* Begin PBXProject section */
		E5240B0D2BF7AD8E00D0D024 /* Project object */ = {
			isa = PBXProject;
			attributes = {
				BuildIndependentTargetsInParallel = 1;
				LastSwiftUpdateCheck = 1430;
				LastUpgradeCheck = 1430;
				TargetAttributes = {
					E5240B142BF7AD8E00D0D024 = {
						CreatedOnToolsVersion = 14.3.1;
					};
					E5240B2A2BF7AD9000D0D024 = {
						CreatedOnToolsVersion = 14.3.1;
						TestTargetID = E5240B142BF7AD8E00D0D024;
					};
					E5240B342BF7AD9000D0D024 = {
						CreatedOnToolsVersion = 14.3.1;
						TestTargetID = E5240B142BF7AD8E00D0D024;
					};
				};
			};
			buildConfigurationList = E5240B102BF7AD8E00D0D024 /* Build configuration list for PBXProject "DidTheyWin" */;
			compatibilityVersion = "Xcode 14.0";
			developmentRegion = en;
			hasScannedForEncodings = 0;
			knownRegions = (
				en,
				Base,
			);
			mainGroup = E5240B0C2BF7AD8E00D0D024;
			productRefGroup = E5240B162BF7AD8E00D0D024 /* Products */;
			projectDirPath = "";
			projectRoot = "";
			targets = (
				E5240B142BF7AD8E00D0D024 /* DidTheyWin */,
				E5240B2A2BF7AD9000D0D024 /* DidTheyWinTests */,
				E5240B342BF7AD9000D0D024 /* DidTheyWinUITests */,
			);
		};
/* End PBXProject section */

/* Begin PBXResourcesBuildPhase section */
		E5240B132BF7AD8E00D0D024 /* Resources */ = {
			isa = PBXResourcesBuildPhase;
			buildActionMask = 2147483647;
			files = (
				E5240B252BF7AD8F00D0D024 /* LaunchScreen.storyboard in Resources */,
				E5240B222BF7AD8F00D0D024 /* Assets.xcassets in Resources */,
			);
			runOnlyForDeploymentPostprocessing = 0;
		};
		E5240B292BF7AD9000D0D024 /* Resources */ = {
			isa = PBXResourcesBuildPhase;
			buildActionMask = 2147483647;
			files = (
			);
			runOnlyForDeploymentPostprocessing = 0;
		};
		E5240B332BF7AD9000D0D024 /* Resources */ = {
			isa = PBXResourcesBuildPhase;
			buildActionMask = 2147483647;
			files = (
			);
			runOnlyForDeploymentPostprocessing = 0;
		};
/* End PBXResourcesBuildPhase section */

/* Begin PBXSourcesBuildPhase section */
		E5240B112BF7AD8E00D0D024 /* Sources */ = {
			isa = PBXSourcesBuildPhase;
			buildActionMask = 2147483647;
			files = (
				E5240B1D2BF7AD8E00D0D024 /* ViewController.swift in Sources */,
				E5240B4E2BFE1EF000D0D024 /* TeamListable.swift in Sources */,
				E5240B192BF7AD8E00D0D024 /* AppDelegate.swift in Sources */,
				E5240B4C2BFE1DEA00D0D024 /* LeagueListable.swift in Sources */,
				E5240B522BFE1F1700D0D024 /* NFLTeam.swift in Sources */,
				E5240B502BFE1EFF00D0D024 /* MLBTeam.swift in Sources */,
				E5240B1B2BF7AD8E00D0D024 /* SceneDelegate.swift in Sources */,
			);
			runOnlyForDeploymentPostprocessing = 0;
		};
		E5240B272BF7AD9000D0D024 /* Sources */ = {
			isa = PBXSourcesBuildPhase;
			buildActionMask = 2147483647;
			files = (
				E5240B302BF7AD9000D0D024 /* DidTheyWinTests.swift in Sources */,
			);
			runOnlyForDeploymentPostprocessing = 0;
		};
		E5240B312BF7AD9000D0D024 /* Sources */ = {
			isa = PBXSourcesBuildPhase;
			buildActionMask = 2147483647;
			files = (
				E5240B3A2BF7AD9000D0D024 /* DidTheyWinUITests.swift in Sources */,
				E5240B3C2BF7AD9000D0D024 /* DidTheyWinUITestsLaunchTests.swift in Sources */,
			);
			runOnlyForDeploymentPostprocessing = 0;
		};
/* End PBXSourcesBuildPhase section */

/* Begin PBXTargetDependency section */
		E5240B2D2BF7AD9000D0D024 /* PBXTargetDependency */ = {
			isa = PBXTargetDependency;
			target = E5240B142BF7AD8E00D0D024 /* DidTheyWin */;
			targetProxy = E5240B2C2BF7AD9000D0D024 /* PBXContainerItemProxy */;
		};
		E5240B372BF7AD9000D0D024 /* PBXTargetDependency */ = {
			isa = PBXTargetDependency;
			target = E5240B142BF7AD8E00D0D024 /* DidTheyWin */;
			targetProxy = E5240B362BF7AD9000D0D024 /* PBXContainerItemProxy */;
		};
/* End PBXTargetDependency section */

/* Begin PBXVariantGroup section */
		E5240B232BF7AD8F00D0D024 /* LaunchScreen.storyboard */ = {
			isa = PBXVariantGroup;
			children = (
				E5240B242BF7AD8F00D0D024 /* Base */,
			);
			name = LaunchScreen.storyboard;
			sourceTree = "<group>";
		};
/* End PBXVariantGroup section */

/* Begin XCBuildConfiguration section */
		E5240B3D2BF7AD9000D0D024 /* Debug */ = {
			isa = XCBuildConfiguration;
			buildSettings = {
				ALWAYS_SEARCH_USER_PATHS = NO;
				CLANG_ANALYZER_NONNULL = YES;
				CLANG_ANALYZER_NUMBER_OBJECT_CONVERSION = YES_AGGRESSIVE;
				CLANG_CXX_LANGUAGE_STANDARD = "gnu++20";
				CLANG_ENABLE_MODULES = YES;
				CLANG_ENABLE_OBJC_ARC = YES;
				CLANG_ENABLE_OBJC_WEAK = YES;
				CLANG_WARN_BLOCK_CAPTURE_AUTORELEASING = YES;
				CLANG_WARN_BOOL_CONVERSION = YES;
				CLANG_WARN_COMMA = YES;
				CLANG_WARN_CONSTANT_CONVERSION = YES;
				CLANG_WARN_DEPRECATED_OBJC_IMPLEMENTATIONS = YES;
				CLANG_WARN_DIRECT_OBJC_ISA_USAGE = YES_ERROR;
				CLANG_WARN_DOCUMENTATION_COMMENTS = YES;
				CLANG_WARN_EMPTY_BODY = YES;
				CLANG_WARN_ENUM_CONVERSION = YES;
				CLANG_WARN_INFINITE_RECURSION = YES;
				CLANG_WARN_INT_CONVERSION = YES;
				CLANG_WARN_NON_LITERAL_NULL_CONVERSION = YES;
				CLANG_WARN_OBJC_IMPLICIT_RETAIN_SELF = YES;
				CLANG_WARN_OBJC_LITERAL_CONVERSION = YES;
				CLANG_WARN_OBJC_ROOT_CLASS = YES_ERROR;
				CLANG_WARN_QUOTED_INCLUDE_IN_FRAMEWORK_HEADER = YES;
				CLANG_WARN_RANGE_LOOP_ANALYSIS = YES;
				CLANG_WARN_STRICT_PROTOTYPES = YES;
				CLANG_WARN_SUSPICIOUS_MOVE = YES;
				CLANG_WARN_UNGUARDED_AVAILABILITY = YES_AGGRESSIVE;
				CLANG_WARN_UNREACHABLE_CODE = YES;
				CLANG_WARN__DUPLICATE_METHOD_MATCH = YES;
				COPY_PHASE_STRIP = NO;
				DEBUG_INFORMATION_FORMAT = dwarf;
				ENABLE_STRICT_OBJC_MSGSEND = YES;
				ENABLE_TESTABILITY = YES;
				GCC_C_LANGUAGE_STANDARD = gnu11;
				GCC_DYNAMIC_NO_PIC = NO;
				GCC_NO_COMMON_BLOCKS = YES;
				GCC_OPTIMIZATION_LEVEL = 0;
				GCC_PREPROCESSOR_DEFINITIONS = (
					"DEBUG=1",
					"$(inherited)",
				);
				GCC_WARN_64_TO_32_BIT_CONVERSION = YES;
				GCC_WARN_ABOUT_RETURN_TYPE = YES_ERROR;
				GCC_WARN_UNDECLARED_SELECTOR = YES;
				GCC_WARN_UNINITIALIZED_AUTOS = YES_AGGRESSIVE;
				GCC_WARN_UNUSED_FUNCTION = YES;
				GCC_WARN_UNUSED_VARIABLE = YES;
				IPHONEOS_DEPLOYMENT_TARGET = 16.4;
				MTL_ENABLE_DEBUG_INFO = INCLUDE_SOURCE;
				MTL_FAST_MATH = YES;
				ONLY_ACTIVE_ARCH = YES;
				SDKROOT = iphoneos;
				SWIFT_ACTIVE_COMPILATION_CONDITIONS = DEBUG;
				SWIFT_OPTIMIZATION_LEVEL = "-Onone";
			};
			name = Debug;
		};
		E5240B3E2BF7AD9000D0D024 /* Release */ = {
			isa = XCBuildConfiguration;
			buildSettings = {
				ALWAYS_SEARCH_USER_PATHS = NO;
				CLANG_ANALYZER_NONNULL = YES;
				CLANG_ANALYZER_NUMBER_OBJECT_CONVERSION = YES_AGGRESSIVE;
				CLANG_CXX_LANGUAGE_STANDARD = "gnu++20";
				CLANG_ENABLE_MODULES = YES;
				CLANG_ENABLE_OBJC_ARC = YES;
				CLANG_ENABLE_OBJC_WEAK = YES;
				CLANG_WARN_BLOCK_CAPTURE_AUTORELEASING = YES;
				CLANG_WARN_BOOL_CONVERSION = YES;
				CLANG_WARN_COMMA = YES;
				CLANG_WARN_CONSTANT_CONVERSION = YES;
				CLANG_WARN_DEPRECATED_OBJC_IMPLEMENTATIONS = YES;
				CLANG_WARN_DIRECT_OBJC_ISA_USAGE = YES_ERROR;
				CLANG_WARN_DOCUMENTATION_COMMENTS = YES;
				CLANG_WARN_EMPTY_BODY = YES;
				CLANG_WARN_ENUM_CONVERSION = YES;
				CLANG_WARN_INFINITE_RECURSION = YES;
				CLANG_WARN_INT_CONVERSION = YES;
				CLANG_WARN_NON_LITERAL_NULL_CONVERSION = YES;
				CLANG_WARN_OBJC_IMPLICIT_RETAIN_SELF = YES;
				CLANG_WARN_OBJC_LITERAL_CONVERSION = YES;
				CLANG_WARN_OBJC_ROOT_CLASS = YES_ERROR;
				CLANG_WARN_QUOTED_INCLUDE_IN_FRAMEWORK_HEADER = YES;
				CLANG_WARN_RANGE_LOOP_ANALYSIS = YES;
				CLANG_WARN_STRICT_PROTOTYPES = YES;
				CLANG_WARN_SUSPICIOUS_MOVE = YES;
				CLANG_WARN_UNGUARDED_AVAILABILITY = YES_AGGRESSIVE;
				CLANG_WARN_UNREACHABLE_CODE = YES;
				CLANG_WARN__DUPLICATE_METHOD_MATCH = YES;
				COPY_PHASE_STRIP = NO;
				DEBUG_INFORMATION_FORMAT = "dwarf-with-dsym";
				ENABLE_NS_ASSERTIONS = NO;
				ENABLE_STRICT_OBJC_MSGSEND = YES;
				GCC_C_LANGUAGE_STANDARD = gnu11;
				GCC_NO_COMMON_BLOCKS = YES;
				GCC_WARN_64_TO_32_BIT_CONVERSION = YES;
				GCC_WARN_ABOUT_RETURN_TYPE = YES_ERROR;
				GCC_WARN_UNDECLARED_SELECTOR = YES;
				GCC_WARN_UNINITIALIZED_AUTOS = YES_AGGRESSIVE;
				GCC_WARN_UNUSED_FUNCTION = YES;
				GCC_WARN_UNUSED_VARIABLE = YES;
				IPHONEOS_DEPLOYMENT_TARGET = 16.4;
				MTL_ENABLE_DEBUG_INFO = NO;
				MTL_FAST_MATH = YES;
				SDKROOT = iphoneos;
				SWIFT_COMPILATION_MODE = wholemodule;
				SWIFT_OPTIMIZATION_LEVEL = "-O";
				VALIDATE_PRODUCT = YES;
			};
			name = Release;
		};
		E5240B402BF7AD9000D0D024 /* Debug */ = {
			isa = XCBuildConfiguration;
			buildSettings = {
				ASSETCATALOG_COMPILER_APPICON_NAME = AppIcon;
				ASSETCATALOG_COMPILER_GLOBAL_ACCENT_COLOR_NAME = AccentColor;
				CODE_SIGN_STYLE = Automatic;
				CURRENT_PROJECT_VERSION = 1;
				DEVELOPMENT_TEAM = XY62X6K9VH;
				GENERATE_INFOPLIST_FILE = YES;
				INFOPLIST_FILE = DidTheyWin/Info.plist;
				INFOPLIST_KEY_UIApplicationSupportsIndirectInputEvents = YES;
				INFOPLIST_KEY_UILaunchStoryboardName = LaunchScreen;
				INFOPLIST_KEY_UIMainStoryboardFile = Main;
				INFOPLIST_KEY_UISupportedInterfaceOrientations_iPad = "UIInterfaceOrientationPortrait UIInterfaceOrientationPortraitUpsideDown UIInterfaceOrientationLandscapeLeft UIInterfaceOrientationLandscapeRight";
				INFOPLIST_KEY_UISupportedInterfaceOrientations_iPhone = "UIInterfaceOrientationPortrait UIInterfaceOrientationLandscapeLeft UIInterfaceOrientationLandscapeRight";
				LD_RUNPATH_SEARCH_PATHS = (
					"$(inherited)",
					"@executable_path/Frameworks",
				);
				MARKETING_VERSION = 1.0;
				PRODUCT_BUNDLE_IDENTIFIER = JohnHoedeman.DidTheyWin;
				PRODUCT_NAME = "$(TARGET_NAME)";
				SWIFT_EMIT_LOC_STRINGS = YES;
				SWIFT_VERSION = 5.0;
				TARGETED_DEVICE_FAMILY = "1,2";
			};
			name = Debug;
		};
		E5240B412BF7AD9000D0D024 /* Release */ = {
			isa = XCBuildConfiguration;
			buildSettings = {
				ASSETCATALOG_COMPILER_APPICON_NAME = AppIcon;
				ASSETCATALOG_COMPILER_GLOBAL_ACCENT_COLOR_NAME = AccentColor;
				CODE_SIGN_STYLE = Automatic;
				CURRENT_PROJECT_VERSION = 1;
				DEVELOPMENT_TEAM = XY62X6K9VH;
				GENERATE_INFOPLIST_FILE = YES;
				INFOPLIST_FILE = DidTheyWin/Info.plist;
				INFOPLIST_KEY_UIApplicationSupportsIndirectInputEvents = YES;
				INFOPLIST_KEY_UILaunchStoryboardName = LaunchScreen;
				INFOPLIST_KEY_UIMainStoryboardFile = Main;
				INFOPLIST_KEY_UISupportedInterfaceOrientations_iPad = "UIInterfaceOrientationPortrait UIInterfaceOrientationPortraitUpsideDown UIInterfaceOrientationLandscapeLeft UIInterfaceOrientationLandscapeRight";
				INFOPLIST_KEY_UISupportedInterfaceOrientations_iPhone = "UIInterfaceOrientationPortrait UIInterfaceOrientationLandscapeLeft UIInterfaceOrientationLandscapeRight";
				LD_RUNPATH_SEARCH_PATHS = (
					"$(inherited)",
					"@executable_path/Frameworks",
				);
				MARKETING_VERSION = 1.0;
				PRODUCT_BUNDLE_IDENTIFIER = JohnHoedeman.DidTheyWin;
				PRODUCT_NAME = "$(TARGET_NAME)";
				SWIFT_EMIT_LOC_STRINGS = YES;
				SWIFT_VERSION = 5.0;
				TARGETED_DEVICE_FAMILY = "1,2";
			};
			name = Release;
		};
		E5240B432BF7AD9000D0D024 /* Debug */ = {
			isa = XCBuildConfiguration;
			buildSettings = {
				ALWAYS_EMBED_SWIFT_STANDARD_LIBRARIES = YES;
				BUNDLE_LOADER = "$(TEST_HOST)";
				CODE_SIGN_STYLE = Automatic;
				CURRENT_PROJECT_VERSION = 1;
				DEVELOPMENT_TEAM = XY62X6K9VH;
				GENERATE_INFOPLIST_FILE = YES;
				IPHONEOS_DEPLOYMENT_TARGET = 16.4;
				MARKETING_VERSION = 1.0;
				PRODUCT_BUNDLE_IDENTIFIER = JohnHoedeman.DidTheyWinTests;
				PRODUCT_NAME = "$(TARGET_NAME)";
				SWIFT_EMIT_LOC_STRINGS = NO;
				SWIFT_VERSION = 5.0;
				TARGETED_DEVICE_FAMILY = "1,2";
				TEST_HOST = "$(BUILT_PRODUCTS_DIR)/DidTheyWin.app/$(BUNDLE_EXECUTABLE_FOLDER_PATH)/DidTheyWin";
			};
			name = Debug;
		};
		E5240B442BF7AD9000D0D024 /* Release */ = {
			isa = XCBuildConfiguration;
			buildSettings = {
				ALWAYS_EMBED_SWIFT_STANDARD_LIBRARIES = YES;
				BUNDLE_LOADER = "$(TEST_HOST)";
				CODE_SIGN_STYLE = Automatic;
				CURRENT_PROJECT_VERSION = 1;
				DEVELOPMENT_TEAM = XY62X6K9VH;
				GENERATE_INFOPLIST_FILE = YES;
				IPHONEOS_DEPLOYMENT_TARGET = 16.4;
				MARKETING_VERSION = 1.0;
				PRODUCT_BUNDLE_IDENTIFIER = JohnHoedeman.DidTheyWinTests;
				PRODUCT_NAME = "$(TARGET_NAME)";
				SWIFT_EMIT_LOC_STRINGS = NO;
				SWIFT_VERSION = 5.0;
				TARGETED_DEVICE_FAMILY = "1,2";
				TEST_HOST = "$(BUILT_PRODUCTS_DIR)/DidTheyWin.app/$(BUNDLE_EXECUTABLE_FOLDER_PATH)/DidTheyWin";
			};
			name = Release;
		};
		E5240B462BF7AD9000D0D024 /* Debug */ = {
			isa = XCBuildConfiguration;
			buildSettings = {
				ALWAYS_EMBED_SWIFT_STANDARD_LIBRARIES = YES;
				CODE_SIGN_STYLE = Automatic;
				CURRENT_PROJECT_VERSION = 1;
				DEVELOPMENT_TEAM = XY62X6K9VH;
				GENERATE_INFOPLIST_FILE = YES;
				MARKETING_VERSION = 1.0;
				PRODUCT_BUNDLE_IDENTIFIER = JohnHoedeman.DidTheyWinUITests;
				PRODUCT_NAME = "$(TARGET_NAME)";
				SWIFT_EMIT_LOC_STRINGS = NO;
				SWIFT_VERSION = 5.0;
				TARGETED_DEVICE_FAMILY = "1,2";
				TEST_TARGET_NAME = DidTheyWin;
			};
			name = Debug;
		};
		E5240B472BF7AD9000D0D024 /* Release */ = {
			isa = XCBuildConfiguration;
			buildSettings = {
				ALWAYS_EMBED_SWIFT_STANDARD_LIBRARIES = YES;
				CODE_SIGN_STYLE = Automatic;
				CURRENT_PROJECT_VERSION = 1;
				DEVELOPMENT_TEAM = XY62X6K9VH;
				GENERATE_INFOPLIST_FILE = YES;
				MARKETING_VERSION = 1.0;
				PRODUCT_BUNDLE_IDENTIFIER = JohnHoedeman.DidTheyWinUITests;
				PRODUCT_NAME = "$(TARGET_NAME)";
				SWIFT_EMIT_LOC_STRINGS = NO;
				SWIFT_VERSION = 5.0;
				TARGETED_DEVICE_FAMILY = "1,2";
				TEST_TARGET_NAME = DidTheyWin;
			};
			name = Release;
		};
/* End XCBuildConfiguration section */

/* Begin XCConfigurationList section */
		E5240B102BF7AD8E00D0D024 /* Build configuration list for PBXProject "DidTheyWin" */ = {
			isa = XCConfigurationList;
			buildConfigurations = (
				E5240B3D2BF7AD9000D0D024 /* Debug */,
				E5240B3E2BF7AD9000D0D024 /* Release */,
			);
			defaultConfigurationIsVisible = 0;
			defaultConfigurationName = Release;
		};
		E5240B3F2BF7AD9000D0D024 /* Build configuration list for PBXNativeTarget "DidTheyWin" */ = {
			isa = XCConfigurationList;
			buildConfigurations = (
				E5240B402BF7AD9000D0D024 /* Debug */,
				E5240B412BF7AD9000D0D024 /* Release */,
			);
			defaultConfigurationIsVisible = 0;
			defaultConfigurationName = Release;
		};
		E5240B422BF7AD9000D0D024 /* Build configuration list for PBXNativeTarget "DidTheyWinTests" */ = {
			isa = XCConfigurationList;
			buildConfigurations = (
				E5240B432BF7AD9000D0D024 /* Debug */,
				E5240B442BF7AD9000D0D024 /* Release */,
			);
			defaultConfigurationIsVisible = 0;
			defaultConfigurationName = Release;
		};
		E5240B452BF7AD9000D0D024 /* Build configuration list for PBXNativeTarget "DidTheyWinUITests" */ = {
			isa = XCConfigurationList;
			buildConfigurations = (
				E5240B462BF7AD9000D0D024 /* Debug */,
				E5240B472BF7AD9000D0D024 /* Release */,
			);
			defaultConfigurationIsVisible = 0;
			defaultConfigurationName = Release;
		};
/* End XCConfigurationList section */
	};
	rootObject = E5240B0D2BF7AD8E00D0D024 /* Project object */;
}
